// !$*UTF8*$!
{
	archiveVersion = 1;
	classes = {
	};
	objectVersion = 56;
	objects = {

/* Begin PBXBuildFile section */
		FA98604E2AC3DDB9006B4005 /* cosii1App.swift in Sources */ = {isa = PBXBuildFile; fileRef = FA98604D2AC3DDB9006B4005 /* cosii1App.swift */; };
		FA9860502AC3DDB9006B4005 /* ContentView.swift in Sources */ = {isa = PBXBuildFile; fileRef = FA98604F2AC3DDB9006B4005 /* ContentView.swift */; };
		FA9860522AC3DDBA006B4005 /* Assets.xcassets in Resources */ = {isa = PBXBuildFile; fileRef = FA9860512AC3DDBA006B4005 /* Assets.xcassets */; };
		FA9860552AC3DDBA006B4005 /* Preview Assets.xcassets in Resources */ = {isa = PBXBuildFile; fileRef = FA9860542AC3DDBA006B4005 /* Preview Assets.xcassets */; };
		FA9860602AC3EB21006B4005 /* Model.swift in Sources */ = {isa = PBXBuildFile; fileRef = FA98605F2AC3EB21006B4005 /* Model.swift */; };
		FA9860622AC3EB42006B4005 /* Cosii1AppSwiftUI.swift in Sources */ = {isa = PBXBuildFile; fileRef = FA9860612AC3EB42006B4005 /* Cosii1AppSwiftUI.swift */; };
		FA9860642AC3FE94006B4005 /* Errors.swift in Sources */ = {isa = PBXBuildFile; fileRef = FA9860632AC3FE94006B4005 /* Errors.swift */; };
		FA9860662AC401AA006B4005 /* ImageConvert.swift in Sources */ = {isa = PBXBuildFile; fileRef = FA9860652AC401AA006B4005 /* ImageConvert.swift */; };
		FA9860692AC42F99006B4005 /* Algorithms in Frameworks */ = {isa = PBXBuildFile; productRef = FA9860682AC42F99006B4005 /* Algorithms */; };
/* End PBXBuildFile section */

/* Begin PBXFileReference section */
		FA98604A2AC3DDB9006B4005 /* cosii1.app */ = {isa = PBXFileReference; explicitFileType = wrapper.application; includeInIndex = 0; path = cosii1.app; sourceTree = BUILT_PRODUCTS_DIR; };
		FA98604D2AC3DDB9006B4005 /* cosii1App.swift */ = {isa = PBXFileReference; lastKnownFileType = sourcecode.swift; path = cosii1App.swift; sourceTree = "<group>"; };
		FA98604F2AC3DDB9006B4005 /* ContentView.swift */ = {isa = PBXFileReference; lastKnownFileType = sourcecode.swift; path = ContentView.swift; sourceTree = "<group>"; };
		FA9860512AC3DDBA006B4005 /* Assets.xcassets */ = {isa = PBXFileReference; lastKnownFileType = folder.assetcatalog; path = Assets.xcassets; sourceTree = "<group>"; };
		FA9860542AC3DDBA006B4005 /* Preview Assets.xcassets */ = {isa = PBXFileReference; lastKnownFileType = folder.assetcatalog; path = "Preview Assets.xcassets"; sourceTree = "<group>"; };
		FA9860562AC3DDBA006B4005 /* cosii1.entitlements */ = {isa = PBXFileReference; lastKnownFileType = text.plist.entitlements; path = cosii1.entitlements; sourceTree = "<group>"; };
		FA98605F2AC3EB21006B4005 /* Model.swift */ = {isa = PBXFileReference; lastKnownFileType = sourcecode.swift; path = Model.swift; sourceTree = "<group>"; };
		FA9860612AC3EB42006B4005 /* Cosii1AppSwiftUI.swift */ = {isa = PBXFileReference; lastKnownFileType = sourcecode.swift; path = Cosii1AppSwiftUI.swift; sourceTree = "<group>"; };
		FA9860632AC3FE94006B4005 /* Errors.swift */ = {isa = PBXFileReference; lastKnownFileType = sourcecode.swift; path = Errors.swift; sourceTree = "<group>"; };
		FA9860652AC401AA006B4005 /* ImageConvert.swift */ = {isa = PBXFileReference; lastKnownFileType = sourcecode.swift; path = ImageConvert.swift; sourceTree = "<group>"; };
/* End PBXFileReference section */

/* Begin PBXFrameworksBuildPhase section */
		FA9860472AC3DDB9006B4005 /* Frameworks */ = {
			isa = PBXFrameworksBuildPhase;
			buildActionMask = 2147483647;
			files = (
				FA9860692AC42F99006B4005 /* Algorithms in Frameworks */,
			);
			runOnlyForDeploymentPostprocessing = 0;
		};
/* End PBXFrameworksBuildPhase section */

/* Begin PBXGroup section */
		FA9860412AC3DDB9006B4005 = {
			isa = PBXGroup;
			children = (
				FA98604C2AC3DDB9006B4005 /* cosii1 */,
				FA98604B2AC3DDB9006B4005 /* Products */,
			);
			sourceTree = "<group>";
		};
		FA98604B2AC3DDB9006B4005 /* Products */ = {
			isa = PBXGroup;
			children = (
				FA98604A2AC3DDB9006B4005 /* cosii1.app */,
			);
			name = Products;
			sourceTree = "<group>";
		};
		FA98604C2AC3DDB9006B4005 /* cosii1 */ = {
			isa = PBXGroup;
			children = (
				FA98605D2AC3E08A006B4005 /* Model */,
				FA98605E2AC3E093006B4005 /* ViewModel */,
				FA98605C2AC3E071006B4005 /* View */,
				FA98604D2AC3DDB9006B4005 /* cosii1App.swift */,
				FA9860512AC3DDBA006B4005 /* Assets.xcassets */,
				FA9860562AC3DDBA006B4005 /* cosii1.entitlements */,
				FA9860532AC3DDBA006B4005 /* Preview Content */,
				FA9860632AC3FE94006B4005 /* Errors.swift */,
			);
			path = cosii1;
			sourceTree = "<group>";
		};
		FA9860532AC3DDBA006B4005 /* Preview Content */ = {
			isa = PBXGroup;
			children = (
				FA9860542AC3DDBA006B4005 /* Preview Assets.xcassets */,
			);
			path = "Preview Content";
			sourceTree = "<group>";
		};
		FA98605C2AC3E071006B4005 /* View */ = {
			isa = PBXGroup;
			children = (
				FA98604F2AC3DDB9006B4005 /* ContentView.swift */,
			);
			path = View;
			sourceTree = "<group>";
		};
		FA98605D2AC3E08A006B4005 /* Model */ = {
			isa = PBXGroup;
			children = (
				FA98605F2AC3EB21006B4005 /* Model.swift */,
				FA9860652AC401AA006B4005 /* ImageConvert.swift */,
			);
			path = Model;
			sourceTree = "<group>";
		};
		FA98605E2AC3E093006B4005 /* ViewModel */ = {
			isa = PBXGroup;
			children = (
				FA9860612AC3EB42006B4005 /* Cosii1AppSwiftUI.swift */,
			);
			path = ViewModel;
			sourceTree = "<group>";
		};
/* End PBXGroup section */

/* Begin PBXNativeTarget section */
		FA9860492AC3DDB9006B4005 /* cosii1 */ = {
			isa = PBXNativeTarget;
			buildConfigurationList = FA9860592AC3DDBA006B4005 /* Build configuration list for PBXNativeTarget "cosii1" */;
			buildPhases = (
				FA9860462AC3DDB9006B4005 /* Sources */,
				FA9860472AC3DDB9006B4005 /* Frameworks */,
				FA9860482AC3DDB9006B4005 /* Resources */,
			);
			buildRules = (
			);
			dependencies = (
			);
			name = cosii1;
			packageProductDependencies = (
				FA9860682AC42F99006B4005 /* Algorithms */,
			);
			productName = cosii1;
			productReference = FA98604A2AC3DDB9006B4005 /* cosii1.app */;
			productType = "com.apple.product-type.application";
		};
/* End PBXNativeTarget section */

/* Begin PBXProject section */
		FA9860422AC3DDB9006B4005 /* Project object */ = {
			isa = PBXProject;
			attributes = {
				BuildIndependentTargetsInParallel = 1;
				LastSwiftUpdateCheck = 1500;
				LastUpgradeCheck = 1500;
				TargetAttributes = {
					FA9860492AC3DDB9006B4005 = {
						CreatedOnToolsVersion = 15.0;
					};
				};
			};
			buildConfigurationList = FA9860452AC3DDB9006B4005 /* Build configuration list for PBXProject "cosii1" */;
			compatibilityVersion = "Xcode 14.0";
			developmentRegion = en;
			hasScannedForEncodings = 0;
			knownRegions = (
				en,
				Base,
			);
			mainGroup = FA9860412AC3DDB9006B4005;
			packageReferences = (
				FA9860672AC42F99006B4005 /* XCRemoteSwiftPackageReference "swift-algorithms" */,
			);
			productRefGroup = FA98604B2AC3DDB9006B4005 /* Products */;
			projectDirPath = "";
			projectRoot = "";
			targets = (
				FA9860492AC3DDB9006B4005 /* cosii1 */,
			);
		};
/* End PBXProject section */

/* Begin PBXResourcesBuildPhase section */
		FA9860482AC3DDB9006B4005 /* Resources */ = {
			isa = PBXResourcesBuildPhase;
			buildActionMask = 2147483647;
			files = (
				FA9860552AC3DDBA006B4005 /* Preview Assets.xcassets in Resources */,
				FA9860522AC3DDBA006B4005 /* Assets.xcassets in Resources */,
			);
			runOnlyForDeploymentPostprocessing = 0;
		};
/* End PBXResourcesBuildPhase section */

/* Begin PBXSourcesBuildPhase section */
		FA9860462AC3DDB9006B4005 /* Sources */ = {
			isa = PBXSourcesBuildPhase;
			buildActionMask = 2147483647;
			files = (
				FA9860602AC3EB21006B4005 /* Model.swift in Sources */,
				FA9860642AC3FE94006B4005 /* Errors.swift in Sources */,
				FA9860502AC3DDB9006B4005 /* ContentView.swift in Sources */,
				FA9860622AC3EB42006B4005 /* Cosii1AppSwiftUI.swift in Sources */,
				FA98604E2AC3DDB9006B4005 /* cosii1App.swift in Sources */,
				FA9860662AC401AA006B4005 /* ImageConvert.swift in Sources */,
			);
			runOnlyForDeploymentPostprocessing = 0;
		};
/* End PBXSourcesBuildPhase section */

/* Begin XCBuildConfiguration section */
		FA9860572AC3DDBA006B4005 /* Debug */ = {
			isa = XCBuildConfiguration;
			buildSettings = {
				ALWAYS_SEARCH_USER_PATHS = NO;
				ASSETCATALOG_COMPILER_GENERATE_SWIFT_ASSET_SYMBOL_EXTENSIONS = YES;
				CLANG_ANALYZER_NONNULL = YES;
				CLANG_ANALYZER_NUMBER_OBJECT_CONVERSION = YES_AGGRESSIVE;
				CLANG_CXX_LANGUAGE_STANDARD = "gnu++20";
				CLANG_ENABLE_MODULES = YES;
				CLANG_ENABLE_OBJC_ARC = YES;
				CLANG_ENABLE_OBJC_WEAK = YES;
				CLANG_WARN_BLOCK_CAPTURE_AUTORELEASING = YES;
				CLANG_WARN_BOOL_CONVERSION = YES;
				CLANG_WARN_COMMA = YES;
				CLANG_WARN_CONSTANT_CONVERSION = YES;
				CLANG_WARN_DEPRECATED_OBJC_IMPLEMENTATIONS = YES;
				CLANG_WARN_DIRECT_OBJC_ISA_USAGE = YES_ERROR;
				CLANG_WARN_DOCUMENTATION_COMMENTS = YES;
				CLANG_WARN_EMPTY_BODY = YES;
				CLANG_WARN_ENUM_CONVERSION = YES;
				CLANG_WARN_INFINITE_RECURSION = YES;
				CLANG_WARN_INT_CONVERSION = YES;
				CLANG_WARN_NON_LITERAL_NULL_CONVERSION = YES;
				CLANG_WARN_OBJC_IMPLICIT_RETAIN_SELF = YES;
				CLANG_WARN_OBJC_LITERAL_CONVERSION = YES;
				CLANG_WARN_OBJC_ROOT_CLASS = YES_ERROR;
				CLANG_WARN_QUOTED_INCLUDE_IN_FRAMEWORK_HEADER = YES;
				CLANG_WARN_RANGE_LOOP_ANALYSIS = YES;
				CLANG_WARN_STRICT_PROTOTYPES = YES;
				CLANG_WARN_SUSPICIOUS_MOVE = YES;
				CLANG_WARN_UNGUARDED_AVAILABILITY = YES_AGGRESSIVE;
				CLANG_WARN_UNREACHABLE_CODE = YES;
				CLANG_WARN__DUPLICATE_METHOD_MATCH = YES;
				COPY_PHASE_STRIP = NO;
				DEBUG_INFORMATION_FORMAT = dwarf;
				ENABLE_STRICT_OBJC_MSGSEND = YES;
				ENABLE_TESTABILITY = YES;
				ENABLE_USER_SCRIPT_SANDBOXING = YES;
				GCC_C_LANGUAGE_STANDARD = gnu17;
				GCC_DYNAMIC_NO_PIC = NO;
				GCC_NO_COMMON_BLOCKS = YES;
				GCC_OPTIMIZATION_LEVEL = 0;
				GCC_PREPROCESSOR_DEFINITIONS = (
					"DEBUG=1",
					"$(inherited)",
				);
				GCC_WARN_64_TO_32_BIT_CONVERSION = YES;
				GCC_WARN_ABOUT_RETURN_TYPE = YES_ERROR;
				GCC_WARN_UNDECLARED_SELECTOR = YES;
				GCC_WARN_UNINITIALIZED_AUTOS = YES_AGGRESSIVE;
				GCC_WARN_UNUSED_FUNCTION = YES;
				GCC_WARN_UNUSED_VARIABLE = YES;
				LOCALIZATION_PREFERS_STRING_CATALOGS = YES;
				MACOSX_DEPLOYMENT_TARGET = 13.5;
				MTL_ENABLE_DEBUG_INFO = INCLUDE_SOURCE;
				MTL_FAST_MATH = YES;
				ONLY_ACTIVE_ARCH = YES;
				SDKROOT = macosx;
				SWIFT_ACTIVE_COMPILATION_CONDITIONS = "DEBUG $(inherited)";
				SWIFT_OPTIMIZATION_LEVEL = "-Onone";
			};
			name = Debug;
		};
		FA9860582AC3DDBA006B4005 /* Release */ = {
			isa = XCBuildConfiguration;
			buildSettings = {
				ALWAYS_SEARCH_USER_PATHS = NO;
				ASSETCATALOG_COMPILER_GENERATE_SWIFT_ASSET_SYMBOL_EXTENSIONS = YES;
				CLANG_ANALYZER_NONNULL = YES;
				CLANG_ANALYZER_NUMBER_OBJECT_CONVERSION = YES_AGGRESSIVE;
				CLANG_CXX_LANGUAGE_STANDARD = "gnu++20";
				CLANG_ENABLE_MODULES = YES;
				CLANG_ENABLE_OBJC_ARC = YES;
				CLANG_ENABLE_OBJC_WEAK = YES;
				CLANG_WARN_BLOCK_CAPTURE_AUTORELEASING = YES;
				CLANG_WARN_BOOL_CONVERSION = YES;
				CLANG_WARN_COMMA = YES;
				CLANG_WARN_CONSTANT_CONVERSION = YES;
				CLANG_WARN_DEPRECATED_OBJC_IMPLEMENTATIONS = YES;
				CLANG_WARN_DIRECT_OBJC_ISA_USAGE = YES_ERROR;
				CLANG_WARN_DOCUMENTATION_COMMENTS = YES;
				CLANG_WARN_EMPTY_BODY = YES;
				CLANG_WARN_ENUM_CONVERSION = YES;
				CLANG_WARN_INFINITE_RECURSION = YES;
				CLANG_WARN_INT_CONVERSION = YES;
				CLANG_WARN_NON_LITERAL_NULL_CONVERSION = YES;
				CLANG_WARN_OBJC_IMPLICIT_RETAIN_SELF = YES;
				CLANG_WARN_OBJC_LITERAL_CONVERSION = YES;
				CLANG_WARN_OBJC_ROOT_CLASS = YES_ERROR;
				CLANG_WARN_QUOTED_INCLUDE_IN_FRAMEWORK_HEADER = YES;
				CLANG_WARN_RANGE_LOOP_ANALYSIS = YES;
				CLANG_WARN_STRICT_PROTOTYPES = YES;
				CLANG_WARN_SUSPICIOUS_MOVE = YES;
				CLANG_WARN_UNGUARDED_AVAILABILITY = YES_AGGRESSIVE;
				CLANG_WARN_UNREACHABLE_CODE = YES;
				CLANG_WARN__DUPLICATE_METHOD_MATCH = YES;
				COPY_PHASE_STRIP = NO;
				DEBUG_INFORMATION_FORMAT = "dwarf-with-dsym";
				ENABLE_NS_ASSERTIONS = NO;
				ENABLE_STRICT_OBJC_MSGSEND = YES;
				ENABLE_USER_SCRIPT_SANDBOXING = YES;
				GCC_C_LANGUAGE_STANDARD = gnu17;
				GCC_NO_COMMON_BLOCKS = YES;
				GCC_WARN_64_TO_32_BIT_CONVERSION = YES;
				GCC_WARN_ABOUT_RETURN_TYPE = YES_ERROR;
				GCC_WARN_UNDECLARED_SELECTOR = YES;
				GCC_WARN_UNINITIALIZED_AUTOS = YES_AGGRESSIVE;
				GCC_WARN_UNUSED_FUNCTION = YES;
				GCC_WARN_UNUSED_VARIABLE = YES;
				LOCALIZATION_PREFERS_STRING_CATALOGS = YES;
				MACOSX_DEPLOYMENT_TARGET = 13.5;
				MTL_ENABLE_DEBUG_INFO = NO;
				MTL_FAST_MATH = YES;
				SDKROOT = macosx;
				SWIFT_COMPILATION_MODE = wholemodule;
			};
			name = Release;
		};
		FA98605A2AC3DDBA006B4005 /* Debug */ = {
			isa = XCBuildConfiguration;
			buildSettings = {
				ASSETCATALOG_COMPILER_APPICON_NAME = AppIcon;
				ASSETCATALOG_COMPILER_GLOBAL_ACCENT_COLOR_NAME = AccentColor;
				CODE_SIGN_ENTITLEMENTS = cosii1/cosii1.entitlements;
				CODE_SIGN_STYLE = Automatic;
				COMBINE_HIDPI_IMAGES = YES;
				CURRENT_PROJECT_VERSION = 1;
				DEVELOPMENT_ASSET_PATHS = "\"cosii1/Preview Content\"";
				DEVELOPMENT_TEAM = NBYQDHH5LM;
				ENABLE_HARDENED_RUNTIME = YES;
				ENABLE_PREVIEWS = YES;
				GENERATE_INFOPLIST_FILE = YES;
				INFOPLIST_KEY_NSHumanReadableCopyright = "";
				LD_RUNPATH_SEARCH_PATHS = (
					"$(inherited)",
					"@executable_path/../Frameworks",
				);
				MARKETING_VERSION = 1.0;
				OTHER_SWIFT_FLAGS = "";
				PRODUCT_BUNDLE_IDENTIFIER = com.gmail.alex.vasilevski007.cosii1;
				PRODUCT_NAME = "$(TARGET_NAME)";
				SWIFT_EMIT_LOC_STRINGS = YES;
				SWIFT_VERSION = 5.0;
			};
			name = Debug;
		};
		FA98605B2AC3DDBA006B4005 /* Release */ = {
			isa = XCBuildConfiguration;
			buildSettings = {
				ASSETCATALOG_COMPILER_APPICON_NAME = AppIcon;
				ASSETCATALOG_COMPILER_GLOBAL_ACCENT_COLOR_NAME = AccentColor;
				CODE_SIGN_ENTITLEMENTS = cosii1/cosii1.entitlements;
				CODE_SIGN_STYLE = Automatic;
				COMBINE_HIDPI_IMAGES = YES;
				CURRENT_PROJECT_VERSION = 1;
				DEVELOPMENT_ASSET_PATHS = "\"cosii1/Preview Content\"";
				DEVELOPMENT_TEAM = NBYQDHH5LM;
				ENABLE_HARDENED_RUNTIME = YES;
				ENABLE_PREVIEWS = YES;
				GENERATE_INFOPLIST_FILE = YES;
				INFOPLIST_KEY_NSHumanReadableCopyright = "";
				LD_RUNPATH_SEARCH_PATHS = (
					"$(inherited)",
					"@executable_path/../Frameworks",
				);
				MARKETING_VERSION = 1.0;
				PRODUCT_BUNDLE_IDENTIFIER = com.gmail.alex.vasilevski007.cosii1;
				PRODUCT_NAME = "$(TARGET_NAME)";
				SWIFT_EMIT_LOC_STRINGS = YES;
				SWIFT_VERSION = 5.0;
			};
			name = Release;
		};
/* End XCBuildConfiguration section */

/* Begin XCConfigurationList section */
		FA9860452AC3DDB9006B4005 /* Build configuration list for PBXProject "cosii1" */ = {
			isa = XCConfigurationList;
			buildConfigurations = (
				FA9860572AC3DDBA006B4005 /* Debug */,
				FA9860582AC3DDBA006B4005 /* Release */,
			);
			defaultConfigurationIsVisible = 0;
			defaultConfigurationName = Release;
		};
		FA9860592AC3DDBA006B4005 /* Build configuration list for PBXNativeTarget "cosii1" */ = {
			isa = XCConfigurationList;
			buildConfigurations = (
				FA98605A2AC3DDBA006B4005 /* Debug */,
				FA98605B2AC3DDBA006B4005 /* Release */,
			);
			defaultConfigurationIsVisible = 0;
			defaultConfigurationName = Release;
		};
/* End XCConfigurationList section */

/* Begin XCRemoteSwiftPackageReference section */
		FA9860672AC42F99006B4005 /* XCRemoteSwiftPackageReference "swift-algorithms" */ = {
			isa = XCRemoteSwiftPackageReference;
			repositoryURL = "https://github.com/apple/swift-algorithms.git";
			requirement = {
				kind = upToNextMajorVersion;
				minimumVersion = 1.0.0;
			};
		};
/* End XCRemoteSwiftPackageReference section */

/* Begin XCSwiftPackageProductDependency section */
		FA9860682AC42F99006B4005 /* Algorithms */ = {
			isa = XCSwiftPackageProductDependency;
			package = FA9860672AC42F99006B4005 /* XCRemoteSwiftPackageReference "swift-algorithms" */;
			productName = Algorithms;
		};
/* End XCSwiftPackageProductDependency section */
	};
	rootObject = FA9860422AC3DDB9006B4005 /* Project object */;
}
